github.com/go-gl/mathgl v1.2.0 h1:v2eOj/y1B2afDxF6URV1qCYmo1KW08lAMtTbOn3KXCY=
github.com/go-gl/mathgl v1.2.0/go.mod h1:pf9+b5J3LFP7iZ4XXaVzZrCle0Q/vNpB/vDe5+3ulRE=
github.com/google/go-cmp v0.5.9 h1:O2Tfq5qg4qc4AmwVlvv0oLiVAGB7enBSJ2x2DqQFi38=
github.com/google/go-cmp v0.5.9/go.mod h1:17dUlkBOakJ0+DkrSSNjCkIjxS6bF9zb3elmeNGIjoY=
github.com/google/go-cmp v0.7.0 h1:wk8382ETsv4JYUZwIsn6YpYiWiBsYLSJiTsyBybVuN8=
github.com/google/go-cmp v0.7.0/go.mod h1:pXiqmnSA92OHEEa9HXL2W4E7lf9JzCmGVUdgjX3N/iU=
